
Microsoft Visual Studio Solution File, Format Version 12.00
# Visual Studio Version 17
VisualStudioVersion = 17.14.36401.2
MinimumVisualStudioVersion = 10.0.40219.1
Project("{FAE04EC0-301F-11D3-BF4B-00C04F79EFBC}") = "GenericModConfigMenu", "GenericModConfigMenu.csproj", "{2A6808D1-0C69-4BA3-BD94-84DA08545596}"
EndProject
Project("{FAE04EC0-301F-11D3-BF4B-00C04F79EFBC}") = "IGenericModConfigMenu", "IGenericModConfigMenu\IGenericModConfigMenu.csproj", "{66C9C858-2E70-4F3D-BC10-4AF924A2E73B}"
EndProject
Global
	GlobalSection(SolutionConfigurationPlatforms) = preSolution
		Debug|Any CPU = Debug|Any CPU
		Release|Any CPU = Release|Any CPU
	EndGlobalSection
	GlobalSection(ProjectConfigurationPlatforms) = postSolution
		{2A6808D1-0C69-4BA3-BD94-84DA08545596}.Debug|Any CPU.ActiveCfg = Debug|Any CPU
		{2A6808D1-0C69-4BA3-BD94-84DA08545596}.Debug|Any CPU.Build.0 = Debug|Any CPU
		{2A6808D1-0C69-4BA3-BD94-84DA08545596}.Release|Any CPU.ActiveCfg = Release|Any CPU
		{2A6808D1-0C69-4BA3-BD94-84DA08545596}.Release|Any CPU.Build.0 = Release|Any CPU
		{66C9C858-2E70-4F3D-BC10-4AF924A2E73B}.Debug|Any CPU.ActiveCfg = Debug|Any CPU
		{66C9C858-2E70-4F3D-BC10-4AF924A2E73B}.Debug|Any CPU.Build.0 = Debug|Any CPU
		{66C9C858-2E70-4F3D-BC10-4AF924A2E73B}.Release|Any CPU.ActiveCfg = Release|Any CPU
		{66C9C858-2E70-4F3D-BC10-4AF924A2E73B}.Release|Any CPU.Build.0 = Release|Any CPU
	EndGlobalSection
	GlobalSection(SolutionProperties) = preSolution
		HideSolutionNode = FALSE
	EndGlobalSection
	GlobalSection(ExtensibilityGlobals) = postSolution
		SolutionGuid = {4FBEBE1C-39F3-4B7C-8D20-F7AA6B958CB8}
	EndGlobalSection
EndGlobal
