
Microsoft Visual Studio Solution File, Format Version 12.00
# Visual Studio Version 17
VisualStudioVersion = 17.14.36408.4 d17.14
MinimumVisualStudioVersion = 10.0.40219.1
Project("{FAE04EC0-301F-11D3-BF4B-00C04F79EFBC}") = "ClearView", "ClearView.csproj", "{A62E296E-D47D-45A7-98FC-7464DD266F9E}"
EndProject
Global
	GlobalSection(SolutionConfigurationPlatforms) = preSolution
		Debug|Any CPU = Debug|Any CPU
		Release|Any CPU = Release|Any CPU
	EndGlobalSection
	GlobalSection(ProjectConfigurationPlatforms) = postSolution
		{A62E296E-D47D-45A7-98FC-7464DD266F9E}.Debug|Any CPU.ActiveCfg = Debug|Any CPU
		{A62E296E-D47D-45A7-98FC-7464DD266F9E}.Debug|Any CPU.Build.0 = Debug|Any CPU
		{A62E296E-D47D-45A7-98FC-7464DD266F9E}.Release|Any CPU.ActiveCfg = Release|Any CPU
		{A62E296E-D47D-45A7-98FC-7464DD266F9E}.Release|Any CPU.Build.0 = Release|Any CPU
	EndGlobalSection
	GlobalSection(SolutionProperties) = preSolution
		HideSolutionNode = FALSE
	EndGlobalSection
	GlobalSection(ExtensibilityGlobals) = postSolution
		SolutionGuid = {0AA02A4C-2550-46CD-94C9-D19E645B77A2}
	EndGlobalSection
EndGlobal
