
Microsoft Visual Studio Solution File, Format Version 12.00
# Visual Studio Version 17
VisualStudioVersion = 17.14.36518.9
MinimumVisualStudioVersion = 10.0.40219.1
Project("{FAE04EC0-301F-11D3-BF4B-00C04F79EFBC}") = "Sidequel", "Sidequel.csproj", "{4417B655-9BD7-46CD-B500-091D84A7A41C}"
EndProject
Global
	GlobalSection(SolutionConfigurationPlatforms) = preSolution
		Debug|Any CPU = Debug|Any CPU
		Release|Any CPU = Release|Any CPU
	EndGlobalSection
	GlobalSection(ProjectConfigurationPlatforms) = postSolution
		{4417B655-9BD7-46CD-B500-091D84A7A41C}.Debug|Any CPU.ActiveCfg = Debug|Any CPU
		{4417B655-9BD7-46CD-B500-091D84A7A41C}.Debug|Any CPU.Build.0 = Debug|Any CPU
		{4417B655-9BD7-46CD-B500-091D84A7A41C}.Release|Any CPU.ActiveCfg = Release|Any CPU
		{4417B655-9BD7-46CD-B500-091D84A7A41C}.Release|Any CPU.Build.0 = Release|Any CPU
	EndGlobalSection
	GlobalSection(SolutionProperties) = preSolution
		HideSolutionNode = FALSE
	EndGlobalSection
	GlobalSection(ExtensibilityGlobals) = postSolution
		SolutionGuid = {423730B0-DB4F-46DC-8306-F3820861AE25}
	EndGlobalSection
EndGlobal
